
Microsoft Visual Studio Solution File, Format Version 12.00
# Visual Studio Version 16
VisualStudioVersion = 16.0.30114.105
MinimumVisualStudioVersion = 10.0.40219.1
Project("{FAE04EC0-301F-11D3-BF4B-00C04F79EFBC}") = "ControlDeProgreso2", "ControlDeProgreso2\ControlDeProgreso2.csproj", "{F5B6270C-BEF7-4A97-AE3C-BD08587936F5}"
EndProject
Global
	GlobalSection(SolutionConfigurationPlatforms) = preSolution
		Debug|Any CPU = Debug|Any CPU
		Release|Any CPU = Release|Any CPU
	EndGlobalSection
	GlobalSection(ProjectConfigurationPlatforms) = postSolution
		{F5B6270C-BEF7-4A97-AE3C-BD08587936F5}.Debug|Any CPU.ActiveCfg = Debug|Any CPU
		{F5B6270C-BEF7-4A97-AE3C-BD08587936F5}.Debug|Any CPU.Build.0 = Debug|Any CPU
		{F5B6270C-BEF7-4A97-AE3C-BD08587936F5}.Release|Any CPU.ActiveCfg = Release|Any CPU
		{F5B6270C-BEF7-4A97-AE3C-BD08587936F5}.Release|Any CPU.Build.0 = Release|Any CPU
	EndGlobalSection
	GlobalSection(SolutionProperties) = preSolution
		HideSolutionNode = FALSE
	EndGlobalSection
	GlobalSection(ExtensibilityGlobals) = postSolution
		SolutionGuid = {F4772D34-7074-49F3-9CA9-EC07A4CF714E}
	EndGlobalSection
EndGlobal
